
Microsoft Visual Studio Solution File, Format Version 12.00
# Visual Studio Version 17
VisualStudioVersion = 17.8.34525.116
MinimumVisualStudioVersion = 10.0.40219.1
Project("{FAE04EC0-301F-11D3-BF4B-00C04F79EFBC}") = "Workaround", "Workaround\Workaround.csproj", "{DB0379B7-C70A-4CAC-BA2B-558CE2CAF444}"
EndProject
Project("{FAE04EC0-301F-11D3-BF4B-00C04F79EFBC}") = "Entities", "Entities\Entities.csproj", "{DC67125C-3EC2-4D2B-A167-89FCAB3DC1AB}"
EndProject
Project("{FAE04EC0-301F-11D3-BF4B-00C04F79EFBC}") = "Business", "Business\Business.csproj", "{6D2D386D-24D2-4317-86CD-201391AA00BE}"
EndProject
Global
	GlobalSection(SolutionConfigurationPlatforms) = preSolution
		Debug|Any CPU = Debug|Any CPU
		Release|Any CPU = Release|Any CPU
	EndGlobalSection
	GlobalSection(ProjectConfigurationPlatforms) = postSolution
		{DB0379B7-C70A-4CAC-BA2B-558CE2CAF444}.Debug|Any CPU.ActiveCfg = Debug|Any CPU
		{DB0379B7-C70A-4CAC-BA2B-558CE2CAF444}.Debug|Any CPU.Build.0 = Debug|Any CPU
		{DB0379B7-C70A-4CAC-BA2B-558CE2CAF444}.Release|Any CPU.ActiveCfg = Release|Any CPU
		{DB0379B7-C70A-4CAC-BA2B-558CE2CAF444}.Release|Any CPU.Build.0 = Release|Any CPU
		{DC67125C-3EC2-4D2B-A167-89FCAB3DC1AB}.Debug|Any CPU.ActiveCfg = Debug|Any CPU
		{DC67125C-3EC2-4D2B-A167-89FCAB3DC1AB}.Debug|Any CPU.Build.0 = Debug|Any CPU
		{DC67125C-3EC2-4D2B-A167-89FCAB3DC1AB}.Release|Any CPU.ActiveCfg = Release|Any CPU
		{DC67125C-3EC2-4D2B-A167-89FCAB3DC1AB}.Release|Any CPU.Build.0 = Release|Any CPU
		{6D2D386D-24D2-4317-86CD-201391AA00BE}.Debug|Any CPU.ActiveCfg = Debug|Any CPU
		{6D2D386D-24D2-4317-86CD-201391AA00BE}.Debug|Any CPU.Build.0 = Debug|Any CPU
		{6D2D386D-24D2-4317-86CD-201391AA00BE}.Release|Any CPU.ActiveCfg = Release|Any CPU
		{6D2D386D-24D2-4317-86CD-201391AA00BE}.Release|Any CPU.Build.0 = Release|Any CPU
	EndGlobalSection
	GlobalSection(SolutionProperties) = preSolution
		HideSolutionNode = FALSE
	EndGlobalSection
	GlobalSection(ExtensibilityGlobals) = postSolution
		SolutionGuid = {B86B02B1-B4CB-4490-A901-EE0E9B01811E}
	EndGlobalSection
EndGlobal
